// !$*UTF8*$!
{
	archiveVersion = 1;
	classes = {
	};
	objectVersion = 56;
	objects = {

/* Begin PBXBuildFile section */
		1D07874C2A53EF2A00547484 /* HTTPClientTests.swift in Sources */ = {isa = PBXBuildFile; fileRef = 1D07874B2A53EF2A00547484 /* HTTPClientTests.swift */; };
		1D2F15852A4CC4D000C0FA2D /* AppDelegate.swift in Sources */ = {isa = PBXBuildFile; fileRef = 1D2F15842A4CC4D000C0FA2D /* AppDelegate.swift */; };
		1D2F15872A4CC4D000C0FA2D /* SceneDelegate.swift in Sources */ = {isa = PBXBuildFile; fileRef = 1D2F15862A4CC4D000C0FA2D /* SceneDelegate.swift */; };
		1D2F15892A4CC4D000C0FA2D /* MealsViewController.swift in Sources */ = {isa = PBXBuildFile; fileRef = 1D2F15882A4CC4D000C0FA2D /* MealsViewController.swift */; };
		1D2F158E2A4CC4D100C0FA2D /* Assets.xcassets in Resources */ = {isa = PBXBuildFile; fileRef = 1D2F158D2A4CC4D100C0FA2D /* Assets.xcassets */; };
		1D2F15912A4CC4D100C0FA2D /* LaunchScreen.storyboard in Resources */ = {isa = PBXBuildFile; fileRef = 1D2F158F2A4CC4D100C0FA2D /* LaunchScreen.storyboard */; };
		1D2F15A62A4CC4D100C0FA2D /* FetchRewardsInterviewUITests.swift in Sources */ = {isa = PBXBuildFile; fileRef = 1D2F15A52A4CC4D100C0FA2D /* FetchRewardsInterviewUITests.swift */; };
		1D2F15A82A4CC4D100C0FA2D /* FetchRewardsInterviewUITestsLaunchTests.swift in Sources */ = {isa = PBXBuildFile; fileRef = 1D2F15A72A4CC4D100C0FA2D /* FetchRewardsInterviewUITestsLaunchTests.swift */; };
		1D2F15B92A4CF57500C0FA2D /* Recipe.swift in Sources */ = {isa = PBXBuildFile; fileRef = 1D2F15B82A4CF57500C0FA2D /* Recipe.swift */; };
		1D2F15BB2A4CF59C00C0FA2D /* Menu.swift in Sources */ = {isa = PBXBuildFile; fileRef = 1D2F15BA2A4CF59C00C0FA2D /* Menu.swift */; };
		1D2F15C02A4E24C900C0FA2D /* AppCoordinator.swift in Sources */ = {isa = PBXBuildFile; fileRef = 1D2F15BF2A4E24C900C0FA2D /* AppCoordinator.swift */; };
		1D2F15C22A4E24D500C0FA2D /* Coordinator.swift in Sources */ = {isa = PBXBuildFile; fileRef = 1D2F15C12A4E24D500C0FA2D /* Coordinator.swift */; };
		1D2F15C52A4E272900C0FA2D /* MealRepository.swift in Sources */ = {isa = PBXBuildFile; fileRef = 1D2F15C42A4E272900C0FA2D /* MealRepository.swift */; };
		1D2F15C72A4E2BE400C0FA2D /* MealsCoordinator.swift in Sources */ = {isa = PBXBuildFile; fileRef = 1D2F15C62A4E2BE400C0FA2D /* MealsCoordinator.swift */; };
		1D2F15CA2A4E2E4300C0FA2D /* HTTPClient.swift in Sources */ = {isa = PBXBuildFile; fileRef = 1D2F15C92A4E2E4300C0FA2D /* HTTPClient.swift */; };
		1D2F15D12A4E434200C0FA2D /* MealsViewModel.swift in Sources */ = {isa = PBXBuildFile; fileRef = 1D2F15D02A4E434200C0FA2D /* MealsViewModel.swift */; };
		1D2F15D32A4E436600C0FA2D /* MealDetailsViewController.swift in Sources */ = {isa = PBXBuildFile; fileRef = 1D2F15D22A4E436600C0FA2D /* MealDetailsViewController.swift */; };
		1D2F15D52A4E436F00C0FA2D /* MealDetailsViewModel.swift in Sources */ = {isa = PBXBuildFile; fileRef = 1D2F15D42A4E436F00C0FA2D /* MealDetailsViewModel.swift */; };
		1D2F15D82A4F9C2700C0FA2D /* LoadingScreenShowable.swift in Sources */ = {isa = PBXBuildFile; fileRef = 1D2F15D72A4F9C2700C0FA2D /* LoadingScreenShowable.swift */; };
		1D2F15DA2A4F9DF900C0FA2D /* ErrorShowable.swift in Sources */ = {isa = PBXBuildFile; fileRef = 1D2F15D92A4F9DF900C0FA2D /* ErrorShowable.swift */; };
		1D2F15E02A52927200C0FA2D /* UITableViewCell+Extensions.swift in Sources */ = {isa = PBXBuildFile; fileRef = 1D2F15DF2A52927200C0FA2D /* UITableViewCell+Extensions.swift */; };
		1D2F15E42A52B04600C0FA2D /* ErrorHelper.swift in Sources */ = {isa = PBXBuildFile; fileRef = 1D2F15E32A52B04600C0FA2D /* ErrorHelper.swift */; };
		1D2F15EA2A5351C900C0FA2D /* UITableView+Extensions.swift in Sources */ = {isa = PBXBuildFile; fileRef = 1D2F15E92A5351C900C0FA2D /* UITableView+Extensions.swift */; };
		1D2F15EC2A5353C900C0FA2D /* TableViewCellTypeProvider.swift in Sources */ = {isa = PBXBuildFile; fileRef = 1D2F15EB2A5353C900C0FA2D /* TableViewCellTypeProvider.swift */; };
		1D94199B2A537E7400221A0E /* JSONCoding.swift in Sources */ = {isa = PBXBuildFile; fileRef = 1D94199A2A537E7400221A0E /* JSONCoding.swift */; };
		1D94199D2A539AA600221A0E /* ErrorHelperTests.swift in Sources */ = {isa = PBXBuildFile; fileRef = 1D94199C2A539AA600221A0E /* ErrorHelperTests.swift */; };
		1D94199E2A53CD9F00221A0E /* ErrorHelper.swift in Sources */ = {isa = PBXBuildFile; fileRef = 1D2F15E32A52B04600C0FA2D /* ErrorHelper.swift */; };
		1D94199F2A53CDD500221A0E /* HTTPClient.swift in Sources */ = {isa = PBXBuildFile; fileRef = 1D2F15C92A4E2E4300C0FA2D /* HTTPClient.swift */; };
		1DF2F51C2A53E5EC007AD662 /* main.swift in Sources */ = {isa = PBXBuildFile; fileRef = 1DF2F51B2A53E5EC007AD662 /* main.swift */; };
		1DF2F51E2A53E64D007AD662 /* TestingAppDelegate.swift in Sources */ = {isa = PBXBuildFile; fileRef = 1DF2F51D2A53E64D007AD662 /* TestingAppDelegate.swift */; };
		1DF2F5202A53E6B7007AD662 /* TestingSceneDelegate.swift in Sources */ = {isa = PBXBuildFile; fileRef = 1DF2F51F2A53E6B7007AD662 /* TestingSceneDelegate.swift */; };
		1DF2F5222A53E7E0007AD662 /* TestingRootViewController.swift in Sources */ = {isa = PBXBuildFile; fileRef = 1DF2F5212A53E7E0007AD662 /* TestingRootViewController.swift */; };
/* End PBXBuildFile section */

/* Begin PBXContainerItemProxy section */
		1D2F15982A4CC4D100C0FA2D /* PBXContainerItemProxy */ = {
			isa = PBXContainerItemProxy;
			containerPortal = 1D2F15792A4CC4D000C0FA2D /* Project object */;
			proxyType = 1;
			remoteGlobalIDString = 1D2F15802A4CC4D000C0FA2D;
			remoteInfo = "FetchRewards-Interview";
		};
		1D2F15A22A4CC4D100C0FA2D /* PBXContainerItemProxy */ = {
			isa = PBXContainerItemProxy;
			containerPortal = 1D2F15792A4CC4D000C0FA2D /* Project object */;
			proxyType = 1;
			remoteGlobalIDString = 1D2F15802A4CC4D000C0FA2D;
			remoteInfo = "FetchRewards-Interview";
		};
/* End PBXContainerItemProxy section */

/* Begin PBXFileReference section */
		1D07874B2A53EF2A00547484 /* HTTPClientTests.swift */ = {isa = PBXFileReference; lastKnownFileType = sourcecode.swift; path = HTTPClientTests.swift; sourceTree = "<group>"; };
		1D2F15812A4CC4D000C0FA2D /* FetchRewards-Interview.app */ = {isa = PBXFileReference; explicitFileType = wrapper.application; includeInIndex = 0; path = "FetchRewards-Interview.app"; sourceTree = BUILT_PRODUCTS_DIR; };
		1D2F15842A4CC4D000C0FA2D /* AppDelegate.swift */ = {isa = PBXFileReference; lastKnownFileType = sourcecode.swift; path = AppDelegate.swift; sourceTree = "<group>"; };
		1D2F15862A4CC4D000C0FA2D /* SceneDelegate.swift */ = {isa = PBXFileReference; lastKnownFileType = sourcecode.swift; path = SceneDelegate.swift; sourceTree = "<group>"; };
		1D2F15882A4CC4D000C0FA2D /* MealsViewController.swift */ = {isa = PBXFileReference; lastKnownFileType = sourcecode.swift; path = MealsViewController.swift; sourceTree = "<group>"; };
		1D2F158D2A4CC4D100C0FA2D /* Assets.xcassets */ = {isa = PBXFileReference; lastKnownFileType = folder.assetcatalog; path = Assets.xcassets; sourceTree = "<group>"; };
		1D2F15902A4CC4D100C0FA2D /* Base */ = {isa = PBXFileReference; lastKnownFileType = file.storyboard; name = Base; path = Base.lproj/LaunchScreen.storyboard; sourceTree = "<group>"; };
		1D2F15922A4CC4D100C0FA2D /* Info.plist */ = {isa = PBXFileReference; lastKnownFileType = text.plist.xml; path = Info.plist; sourceTree = "<group>"; };
		1D2F15972A4CC4D100C0FA2D /* FetchRewards-InterviewTests.xctest */ = {isa = PBXFileReference; explicitFileType = wrapper.cfbundle; includeInIndex = 0; path = "FetchRewards-InterviewTests.xctest"; sourceTree = BUILT_PRODUCTS_DIR; };
		1D2F15A12A4CC4D100C0FA2D /* FetchRewards-InterviewUITests.xctest */ = {isa = PBXFileReference; explicitFileType = wrapper.cfbundle; includeInIndex = 0; path = "FetchRewards-InterviewUITests.xctest"; sourceTree = BUILT_PRODUCTS_DIR; };
		1D2F15A52A4CC4D100C0FA2D /* FetchRewardsInterviewUITests.swift */ = {isa = PBXFileReference; lastKnownFileType = sourcecode.swift; path = FetchRewardsInterviewUITests.swift; sourceTree = "<group>"; };
		1D2F15A72A4CC4D100C0FA2D /* FetchRewardsInterviewUITestsLaunchTests.swift */ = {isa = PBXFileReference; lastKnownFileType = sourcecode.swift; path = FetchRewardsInterviewUITestsLaunchTests.swift; sourceTree = "<group>"; };
		1D2F15B82A4CF57500C0FA2D /* Recipe.swift */ = {isa = PBXFileReference; lastKnownFileType = sourcecode.swift; path = Recipe.swift; sourceTree = "<group>"; };
		1D2F15BA2A4CF59C00C0FA2D /* Menu.swift */ = {isa = PBXFileReference; lastKnownFileType = sourcecode.swift; path = Menu.swift; sourceTree = "<group>"; };
		1D2F15BF2A4E24C900C0FA2D /* AppCoordinator.swift */ = {isa = PBXFileReference; lastKnownFileType = sourcecode.swift; path = AppCoordinator.swift; sourceTree = "<group>"; };
		1D2F15C12A4E24D500C0FA2D /* Coordinator.swift */ = {isa = PBXFileReference; lastKnownFileType = sourcecode.swift; path = Coordinator.swift; sourceTree = "<group>"; };
		1D2F15C42A4E272900C0FA2D /* MealRepository.swift */ = {isa = PBXFileReference; lastKnownFileType = sourcecode.swift; path = MealRepository.swift; sourceTree = "<group>"; };
		1D2F15C62A4E2BE400C0FA2D /* MealsCoordinator.swift */ = {isa = PBXFileReference; lastKnownFileType = sourcecode.swift; path = MealsCoordinator.swift; sourceTree = "<group>"; };
		1D2F15C92A4E2E4300C0FA2D /* HTTPClient.swift */ = {isa = PBXFileReference; lastKnownFileType = sourcecode.swift; path = HTTPClient.swift; sourceTree = "<group>"; };
		1D2F15D02A4E434200C0FA2D /* MealsViewModel.swift */ = {isa = PBXFileReference; lastKnownFileType = sourcecode.swift; path = MealsViewModel.swift; sourceTree = "<group>"; };
		1D2F15D22A4E436600C0FA2D /* MealDetailsViewController.swift */ = {isa = PBXFileReference; lastKnownFileType = sourcecode.swift; path = MealDetailsViewController.swift; sourceTree = "<group>"; };
		1D2F15D42A4E436F00C0FA2D /* MealDetailsViewModel.swift */ = {isa = PBXFileReference; lastKnownFileType = sourcecode.swift; path = MealDetailsViewModel.swift; sourceTree = "<group>"; };
		1D2F15D72A4F9C2700C0FA2D /* LoadingScreenShowable.swift */ = {isa = PBXFileReference; lastKnownFileType = sourcecode.swift; path = LoadingScreenShowable.swift; sourceTree = "<group>"; };
		1D2F15D92A4F9DF900C0FA2D /* ErrorShowable.swift */ = {isa = PBXFileReference; lastKnownFileType = sourcecode.swift; path = ErrorShowable.swift; sourceTree = "<group>"; };
		1D2F15DF2A52927200C0FA2D /* UITableViewCell+Extensions.swift */ = {isa = PBXFileReference; lastKnownFileType = sourcecode.swift; path = "UITableViewCell+Extensions.swift"; sourceTree = "<group>"; };
		1D2F15E32A52B04600C0FA2D /* ErrorHelper.swift */ = {isa = PBXFileReference; lastKnownFileType = sourcecode.swift; path = ErrorHelper.swift; sourceTree = "<group>"; };
		1D2F15E92A5351C900C0FA2D /* UITableView+Extensions.swift */ = {isa = PBXFileReference; lastKnownFileType = sourcecode.swift; path = "UITableView+Extensions.swift"; sourceTree = "<group>"; };
		1D2F15EB2A5353C900C0FA2D /* TableViewCellTypeProvider.swift */ = {isa = PBXFileReference; lastKnownFileType = sourcecode.swift; path = TableViewCellTypeProvider.swift; sourceTree = "<group>"; };
		1D94199A2A537E7400221A0E /* JSONCoding.swift */ = {isa = PBXFileReference; lastKnownFileType = sourcecode.swift; path = JSONCoding.swift; sourceTree = "<group>"; };
		1D94199C2A539AA600221A0E /* ErrorHelperTests.swift */ = {isa = PBXFileReference; lastKnownFileType = sourcecode.swift; path = ErrorHelperTests.swift; sourceTree = "<group>"; };
		1DF2F51A2A53D60D007AD662 /* FetchRewards-InterviewTests.xctestplan */ = {isa = PBXFileReference; lastKnownFileType = text; path = "FetchRewards-InterviewTests.xctestplan"; sourceTree = "<group>"; };
		1DF2F51B2A53E5EC007AD662 /* main.swift */ = {isa = PBXFileReference; lastKnownFileType = sourcecode.swift; path = main.swift; sourceTree = "<group>"; };
		1DF2F51D2A53E64D007AD662 /* TestingAppDelegate.swift */ = {isa = PBXFileReference; lastKnownFileType = sourcecode.swift; path = TestingAppDelegate.swift; sourceTree = "<group>"; };
		1DF2F51F2A53E6B7007AD662 /* TestingSceneDelegate.swift */ = {isa = PBXFileReference; lastKnownFileType = sourcecode.swift; path = TestingSceneDelegate.swift; sourceTree = "<group>"; };
		1DF2F5212A53E7E0007AD662 /* TestingRootViewController.swift */ = {isa = PBXFileReference; lastKnownFileType = sourcecode.swift; path = TestingRootViewController.swift; sourceTree = "<group>"; };
/* End PBXFileReference section */

/* Begin PBXFrameworksBuildPhase section */
		1D2F157E2A4CC4D000C0FA2D /* Frameworks */ = {
			isa = PBXFrameworksBuildPhase;
			buildActionMask = 2147483647;
			files = (
			);
			runOnlyForDeploymentPostprocessing = 0;
		};
		1D2F15942A4CC4D100C0FA2D /* Frameworks */ = {
			isa = PBXFrameworksBuildPhase;
			buildActionMask = 2147483647;
			files = (
			);
			runOnlyForDeploymentPostprocessing = 0;
		};
		1D2F159E2A4CC4D100C0FA2D /* Frameworks */ = {
			isa = PBXFrameworksBuildPhase;
			buildActionMask = 2147483647;
			files = (
			);
			runOnlyForDeploymentPostprocessing = 0;
		};
/* End PBXFrameworksBuildPhase section */

/* Begin PBXGroup section */
		1D2F15782A4CC4D000C0FA2D = {
			isa = PBXGroup;
			children = (
				1D2F15832A4CC4D000C0FA2D /* FetchRewards-Interview */,
				1D2F159A2A4CC4D100C0FA2D /* FetchRewards-InterviewTests */,
				1D2F15A42A4CC4D100C0FA2D /* FetchRewards-InterviewUITests */,
				1D2F15822A4CC4D000C0FA2D /* Products */,
			);
			sourceTree = "<group>";
		};
		1D2F15822A4CC4D000C0FA2D /* Products */ = {
			isa = PBXGroup;
			children = (
				1D2F15812A4CC4D000C0FA2D /* FetchRewards-Interview.app */,
				1D2F15972A4CC4D100C0FA2D /* FetchRewards-InterviewTests.xctest */,
				1D2F15A12A4CC4D100C0FA2D /* FetchRewards-InterviewUITests.xctest */,
			);
			name = Products;
			sourceTree = "<group>";
		};
		1D2F15832A4CC4D000C0FA2D /* FetchRewards-Interview */ = {
			isa = PBXGroup;
			children = (
				1D2F15922A4CC4D100C0FA2D /* Info.plist */,
				1D2F15842A4CC4D000C0FA2D /* AppDelegate.swift */,
				1D2F15862A4CC4D000C0FA2D /* SceneDelegate.swift */,
				1DF2F51B2A53E5EC007AD662 /* main.swift */,
				1D2F158D2A4CC4D100C0FA2D /* Assets.xcassets */,
				1D2F158F2A4CC4D100C0FA2D /* LaunchScreen.storyboard */,
				1D2F15BE2A4E24B900C0FA2D /* Coordinators */,
				1D2F15D62A4F9C1400C0FA2D /* Helpers */,
				1D2F15B52A4CEB5E00C0FA2D /* Models */,
				1D2F15C82A4E2E3400C0FA2D /* Networking */,
				1D2F15C32A4E271C00C0FA2D /* Repositories */,
				1D2F15CD2A4E428B00C0FA2D /* Views */,
			);
			path = "FetchRewards-Interview";
			sourceTree = "<group>";
		};
		1D2F159A2A4CC4D100C0FA2D /* FetchRewards-InterviewTests */ = {
			isa = PBXGroup;
			children = (
				1DF2F51A2A53D60D007AD662 /* FetchRewards-InterviewTests.xctestplan */,
				1D94199C2A539AA600221A0E /* ErrorHelperTests.swift */,
				1D07874B2A53EF2A00547484 /* HTTPClientTests.swift */,
				1DF2F51D2A53E64D007AD662 /* TestingAppDelegate.swift */,
				1DF2F5212A53E7E0007AD662 /* TestingRootViewController.swift */,
				1DF2F51F2A53E6B7007AD662 /* TestingSceneDelegate.swift */,
			);
			path = "FetchRewards-InterviewTests";
			sourceTree = "<group>";
		};
		1D2F15A42A4CC4D100C0FA2D /* FetchRewards-InterviewUITests */ = {
			isa = PBXGroup;
			children = (
				1D2F15A52A4CC4D100C0FA2D /* FetchRewardsInterviewUITests.swift */,
				1D2F15A72A4CC4D100C0FA2D /* FetchRewardsInterviewUITestsLaunchTests.swift */,
			);
			path = "FetchRewards-InterviewUITests";
			sourceTree = "<group>";
		};
		1D2F15B52A4CEB5E00C0FA2D /* Models */ = {
			isa = PBXGroup;
			children = (
				1D2F15BA2A4CF59C00C0FA2D /* Menu.swift */,
				1D2F15B82A4CF57500C0FA2D /* Recipe.swift */,
			);
			path = Models;
			sourceTree = "<group>";
		};
		1D2F15BE2A4E24B900C0FA2D /* Coordinators */ = {
			isa = PBXGroup;
			children = (
				1D2F15BF2A4E24C900C0FA2D /* AppCoordinator.swift */,
				1D2F15C12A4E24D500C0FA2D /* Coordinator.swift */,
				1D2F15C62A4E2BE400C0FA2D /* MealsCoordinator.swift */,
			);
			path = Coordinators;
			sourceTree = "<group>";
		};
		1D2F15C32A4E271C00C0FA2D /* Repositories */ = {
			isa = PBXGroup;
			children = (
				1D2F15C42A4E272900C0FA2D /* MealRepository.swift */,
			);
			path = Repositories;
			sourceTree = "<group>";
		};
		1D2F15C82A4E2E3400C0FA2D /* Networking */ = {
			isa = PBXGroup;
			children = (
				1D2F15C92A4E2E4300C0FA2D /* HTTPClient.swift */,
			);
			path = Networking;
			sourceTree = "<group>";
		};
		1D2F15CD2A4E428B00C0FA2D /* Views */ = {
			isa = PBXGroup;
			children = (
				1D2F15CE2A4E42DC00C0FA2D /* 1. Meals */,
				1D2F15CF2A4E430900C0FA2D /* 2. MealDetails */,
			);
			path = Views;
			sourceTree = "<group>";
		};
		1D2F15CE2A4E42DC00C0FA2D /* 1. Meals */ = {
			isa = PBXGroup;
			children = (
				1D2F15882A4CC4D000C0FA2D /* MealsViewController.swift */,
				1D2F15D02A4E434200C0FA2D /* MealsViewModel.swift */,
			);
			path = "1. Meals";
			sourceTree = "<group>";
		};
		1D2F15CF2A4E430900C0FA2D /* 2. MealDetails */ = {
			isa = PBXGroup;
			children = (
				1D2F15D22A4E436600C0FA2D /* MealDetailsViewController.swift */,
				1D2F15D42A4E436F00C0FA2D /* MealDetailsViewModel.swift */,
			);
			path = "2. MealDetails";
			sourceTree = "<group>";
		};
		1D2F15D62A4F9C1400C0FA2D /* Helpers */ = {
			isa = PBXGroup;
			children = (
				1D2F15E32A52B04600C0FA2D /* ErrorHelper.swift */,
				1D2F15D92A4F9DF900C0FA2D /* ErrorShowable.swift */,
				1D94199A2A537E7400221A0E /* JSONCoding.swift */,
				1D2F15D72A4F9C2700C0FA2D /* LoadingScreenShowable.swift */,
				1D2F15EB2A5353C900C0FA2D /* TableViewCellTypeProvider.swift */,
				1D2F15E92A5351C900C0FA2D /* UITableView+Extensions.swift */,
				1D2F15DF2A52927200C0FA2D /* UITableViewCell+Extensions.swift */,
			);
			path = Helpers;
			sourceTree = "<group>";
		};
/* End PBXGroup section */

/* Begin PBXNativeTarget section */
		1D2F15802A4CC4D000C0FA2D /* FetchRewards-Interview */ = {
			isa = PBXNativeTarget;
			buildConfigurationList = 1D2F15AB2A4CC4D100C0FA2D /* Build configuration list for PBXNativeTarget "FetchRewards-Interview" */;
			buildPhases = (
				1D2F15EF2A5377F600C0FA2D /* SwiftLint */,
				1D2F157D2A4CC4D000C0FA2D /* Sources */,
				1D2F157E2A4CC4D000C0FA2D /* Frameworks */,
				1D2F157F2A4CC4D000C0FA2D /* Resources */,
			);
			buildRules = (
			);
			dependencies = (
			);
			name = "FetchRewards-Interview";
			productName = "FetchRewards-Interview";
			productReference = 1D2F15812A4CC4D000C0FA2D /* FetchRewards-Interview.app */;
			productType = "com.apple.product-type.application";
		};
		1D2F15962A4CC4D100C0FA2D /* FetchRewards-InterviewTests */ = {
			isa = PBXNativeTarget;
			buildConfigurationList = 1D2F15AE2A4CC4D100C0FA2D /* Build configuration list for PBXNativeTarget "FetchRewards-InterviewTests" */;
			buildPhases = (
				1D2F15932A4CC4D100C0FA2D /* Sources */,
				1D2F15942A4CC4D100C0FA2D /* Frameworks */,
				1D2F15952A4CC4D100C0FA2D /* Resources */,
			);
			buildRules = (
			);
			dependencies = (
				1D2F15992A4CC4D100C0FA2D /* PBXTargetDependency */,
			);
			name = "FetchRewards-InterviewTests";
			productName = "FetchRewards-InterviewTests";
			productReference = 1D2F15972A4CC4D100C0FA2D /* FetchRewards-InterviewTests.xctest */;
			productType = "com.apple.product-type.bundle.unit-test";
		};
		1D2F15A02A4CC4D100C0FA2D /* FetchRewards-InterviewUITests */ = {
			isa = PBXNativeTarget;
			buildConfigurationList = 1D2F15B12A4CC4D100C0FA2D /* Build configuration list for PBXNativeTarget "FetchRewards-InterviewUITests" */;
			buildPhases = (
				1D2F159D2A4CC4D100C0FA2D /* Sources */,
				1D2F159E2A4CC4D100C0FA2D /* Frameworks */,
				1D2F159F2A4CC4D100C0FA2D /* Resources */,
			);
			buildRules = (
			);
			dependencies = (
				1D2F15A32A4CC4D100C0FA2D /* PBXTargetDependency */,
			);
			name = "FetchRewards-InterviewUITests";
			productName = "FetchRewards-InterviewUITests";
			productReference = 1D2F15A12A4CC4D100C0FA2D /* FetchRewards-InterviewUITests.xctest */;
			productType = "com.apple.product-type.bundle.ui-testing";
		};
/* End PBXNativeTarget section */

/* Begin PBXProject section */
		1D2F15792A4CC4D000C0FA2D /* Project object */ = {
			isa = PBXProject;
			attributes = {
				BuildIndependentTargetsInParallel = 1;
				LastSwiftUpdateCheck = 1430;
				LastUpgradeCheck = 1430;
				TargetAttributes = {
					1D2F15802A4CC4D000C0FA2D = {
						CreatedOnToolsVersion = 14.3;
					};
					1D2F15962A4CC4D100C0FA2D = {
						CreatedOnToolsVersion = 14.3;
						TestTargetID = 1D2F15802A4CC4D000C0FA2D;
					};
					1D2F15A02A4CC4D100C0FA2D = {
						CreatedOnToolsVersion = 14.3;
						TestTargetID = 1D2F15802A4CC4D000C0FA2D;
					};
				};
			};
			buildConfigurationList = 1D2F157C2A4CC4D000C0FA2D /* Build configuration list for PBXProject "FetchRewards-Interview" */;
			compatibilityVersion = "Xcode 14.0";
			developmentRegion = en;
			hasScannedForEncodings = 0;
			knownRegions = (
				en,
				Base,
			);
			mainGroup = 1D2F15782A4CC4D000C0FA2D;
			productRefGroup = 1D2F15822A4CC4D000C0FA2D /* Products */;
			projectDirPath = "";
			projectRoot = "";
			targets = (
				1D2F15802A4CC4D000C0FA2D /* FetchRewards-Interview */,
				1D2F15962A4CC4D100C0FA2D /* FetchRewards-InterviewTests */,
				1D2F15A02A4CC4D100C0FA2D /* FetchRewards-InterviewUITests */,
			);
		};
/* End PBXProject section */

/* Begin PBXResourcesBuildPhase section */
		1D2F157F2A4CC4D000C0FA2D /* Resources */ = {
			isa = PBXResourcesBuildPhase;
			buildActionMask = 2147483647;
			files = (
				1D2F15912A4CC4D100C0FA2D /* LaunchScreen.storyboard in Resources */,
				1D2F158E2A4CC4D100C0FA2D /* Assets.xcassets in Resources */,
			);
			runOnlyForDeploymentPostprocessing = 0;
		};
		1D2F15952A4CC4D100C0FA2D /* Resources */ = {
			isa = PBXResourcesBuildPhase;
			buildActionMask = 2147483647;
			files = (
			);
			runOnlyForDeploymentPostprocessing = 0;
		};
		1D2F159F2A4CC4D100C0FA2D /* Resources */ = {
			isa = PBXResourcesBuildPhase;
			buildActionMask = 2147483647;
			files = (
			);
			runOnlyForDeploymentPostprocessing = 0;
		};
/* End PBXResourcesBuildPhase section */

/* Begin PBXShellScriptBuildPhase section */
		1D2F15EF2A5377F600C0FA2D /* SwiftLint */ = {
			isa = PBXShellScriptBuildPhase;
			alwaysOutOfDate = 1;
			buildActionMask = 2147483647;
			files = (
			);
			inputFileListPaths = (
			);
			inputPaths = (
			);
			name = SwiftLint;
			outputFileListPaths = (
			);
			outputPaths = (
			);
			runOnlyForDeploymentPostprocessing = 0;
			shellPath = /bin/sh;
			shellScript = "if [ \"$CI\" = true ]; then\n    echo \"CI mode detected. Skipping SwiftLint\"\n    exit 0\nfi\n\nif [ `uname -m` == 'arm64' ] && [ -d /opt/homebrew/bin/ ]; then\n  export PATH=/opt/homebrew/bin:$PATH\nfi\n\nif which mint >/dev/null; then\n    mint run realm/SwiftLint@0.52.3 --fix --format\n    mint run realm/SwiftLint@0.52.3 --strict\nelse\n    echo \"warning: Mint not installed, download from https://github.com/yonaskolb/Mint\"\nfi\n";
		};
/* End PBXShellScriptBuildPhase section */

/* Begin PBXSourcesBuildPhase section */
		1D2F157D2A4CC4D000C0FA2D /* Sources */ = {
			isa = PBXSourcesBuildPhase;
			buildActionMask = 2147483647;
			files = (
				1D94199B2A537E7400221A0E /* JSONCoding.swift in Sources */,
				1D2F15D52A4E436F00C0FA2D /* MealDetailsViewModel.swift in Sources */,
				1D2F15C22A4E24D500C0FA2D /* Coordinator.swift in Sources */,
				1D2F15D32A4E436600C0FA2D /* MealDetailsViewController.swift in Sources */,
				1D2F15BB2A4CF59C00C0FA2D /* Menu.swift in Sources */,
				1D2F15C72A4E2BE400C0FA2D /* MealsCoordinator.swift in Sources */,
				1D2F15892A4CC4D000C0FA2D /* MealsViewController.swift in Sources */,
				1D2F15EC2A5353C900C0FA2D /* TableViewCellTypeProvider.swift in Sources */,
				1DF2F51C2A53E5EC007AD662 /* main.swift in Sources */,
				1D2F15D12A4E434200C0FA2D /* MealsViewModel.swift in Sources */,
				1D2F15852A4CC4D000C0FA2D /* AppDelegate.swift in Sources */,
				1D2F15872A4CC4D000C0FA2D /* SceneDelegate.swift in Sources */,
				1D2F15E42A52B04600C0FA2D /* ErrorHelper.swift in Sources */,
				1D2F15CA2A4E2E4300C0FA2D /* HTTPClient.swift in Sources */,
				1D2F15B92A4CF57500C0FA2D /* Recipe.swift in Sources */,
				1D2F15C52A4E272900C0FA2D /* MealRepository.swift in Sources */,
				1D2F15EA2A5351C900C0FA2D /* UITableView+Extensions.swift in Sources */,
				1D2F15D82A4F9C2700C0FA2D /* LoadingScreenShowable.swift in Sources */,
				1D2F15DA2A4F9DF900C0FA2D /* ErrorShowable.swift in Sources */,
				1D2F15C02A4E24C900C0FA2D /* AppCoordinator.swift in Sources */,
				1D2F15E02A52927200C0FA2D /* UITableViewCell+Extensions.swift in Sources */,
			);
			runOnlyForDeploymentPostprocessing = 0;
		};
		1D2F15932A4CC4D100C0FA2D /* Sources */ = {
			isa = PBXSourcesBuildPhase;
			buildActionMask = 2147483647;
			files = (
				1D94199D2A539AA600221A0E /* ErrorHelperTests.swift in Sources */,
				1DF2F51E2A53E64D007AD662 /* TestingAppDelegate.swift in Sources */,
				1DF2F5202A53E6B7007AD662 /* TestingSceneDelegate.swift in Sources */,
				1D07874C2A53EF2A00547484 /* HTTPClientTests.swift in Sources */,
				1D94199E2A53CD9F00221A0E /* ErrorHelper.swift in Sources */,
				1D94199F2A53CDD500221A0E /* HTTPClient.swift in Sources */,
				1DF2F5222A53E7E0007AD662 /* TestingRootViewController.swift in Sources */,
			);
			runOnlyForDeploymentPostprocessing = 0;
		};
		1D2F159D2A4CC4D100C0FA2D /* Sources */ = {
			isa = PBXSourcesBuildPhase;
			buildActionMask = 2147483647;
			files = (
				1D2F15A82A4CC4D100C0FA2D /* FetchRewardsInterviewUITestsLaunchTests.swift in Sources */,
				1D2F15A62A4CC4D100C0FA2D /* FetchRewardsInterviewUITests.swift in Sources */,
			);
			runOnlyForDeploymentPostprocessing = 0;
		};
/* End PBXSourcesBuildPhase section */

/* Begin PBXTargetDependency section */
		1D2F15992A4CC4D100C0FA2D /* PBXTargetDependency */ = {
			isa = PBXTargetDependency;
			target = 1D2F15802A4CC4D000C0FA2D /* FetchRewards-Interview */;
			targetProxy = 1D2F15982A4CC4D100C0FA2D /* PBXContainerItemProxy */;
		};
		1D2F15A32A4CC4D100C0FA2D /* PBXTargetDependency */ = {
			isa = PBXTargetDependency;
			target = 1D2F15802A4CC4D000C0FA2D /* FetchRewards-Interview */;
			targetProxy = 1D2F15A22A4CC4D100C0FA2D /* PBXContainerItemProxy */;
		};
/* End PBXTargetDependency section */

/* Begin PBXVariantGroup section */
		1D2F158F2A4CC4D100C0FA2D /* LaunchScreen.storyboard */ = {
			isa = PBXVariantGroup;
			children = (
				1D2F15902A4CC4D100C0FA2D /* Base */,
			);
			name = LaunchScreen.storyboard;
			sourceTree = "<group>";
		};
/* End PBXVariantGroup section */

/* Begin XCBuildConfiguration section */
		1D2F15A92A4CC4D100C0FA2D /* Debug */ = {
			isa = XCBuildConfiguration;
			buildSettings = {
				ALWAYS_SEARCH_USER_PATHS = NO;
				CLANG_ANALYZER_NONNULL = YES;
				CLANG_ANALYZER_NUMBER_OBJECT_CONVERSION = YES_AGGRESSIVE;
				CLANG_CXX_LANGUAGE_STANDARD = "gnu++20";
				CLANG_ENABLE_MODULES = YES;
				CLANG_ENABLE_OBJC_ARC = YES;
				CLANG_ENABLE_OBJC_WEAK = YES;
				CLANG_WARN_BLOCK_CAPTURE_AUTORELEASING = YES;
				CLANG_WARN_BOOL_CONVERSION = YES;
				CLANG_WARN_COMMA = YES;
				CLANG_WARN_CONSTANT_CONVERSION = YES;
				CLANG_WARN_DEPRECATED_OBJC_IMPLEMENTATIONS = YES;
				CLANG_WARN_DIRECT_OBJC_ISA_USAGE = YES_ERROR;
				CLANG_WARN_DOCUMENTATION_COMMENTS = YES;
				CLANG_WARN_EMPTY_BODY = YES;
				CLANG_WARN_ENUM_CONVERSION = YES;
				CLANG_WARN_INFINITE_RECURSION = YES;
				CLANG_WARN_INT_CONVERSION = YES;
				CLANG_WARN_NON_LITERAL_NULL_CONVERSION = YES;
				CLANG_WARN_OBJC_IMPLICIT_RETAIN_SELF = YES;
				CLANG_WARN_OBJC_LITERAL_CONVERSION = YES;
				CLANG_WARN_OBJC_ROOT_CLASS = YES_ERROR;
				CLANG_WARN_QUOTED_INCLUDE_IN_FRAMEWORK_HEADER = YES;
				CLANG_WARN_RANGE_LOOP_ANALYSIS = YES;
				CLANG_WARN_STRICT_PROTOTYPES = YES;
				CLANG_WARN_SUSPICIOUS_MOVE = YES;
				CLANG_WARN_UNGUARDED_AVAILABILITY = YES_AGGRESSIVE;
				CLANG_WARN_UNREACHABLE_CODE = YES;
				CLANG_WARN__DUPLICATE_METHOD_MATCH = YES;
				COPY_PHASE_STRIP = NO;
				DEBUG_INFORMATION_FORMAT = dwarf;
				ENABLE_STRICT_OBJC_MSGSEND = YES;
				ENABLE_TESTABILITY = YES;
				GCC_C_LANGUAGE_STANDARD = gnu11;
				GCC_DYNAMIC_NO_PIC = NO;
				GCC_NO_COMMON_BLOCKS = YES;
				GCC_OPTIMIZATION_LEVEL = 0;
				GCC_PREPROCESSOR_DEFINITIONS = (
					"DEBUG=1",
					"$(inherited)",
				);
				GCC_WARN_64_TO_32_BIT_CONVERSION = YES;
				GCC_WARN_ABOUT_RETURN_TYPE = YES_ERROR;
				GCC_WARN_UNDECLARED_SELECTOR = YES;
				GCC_WARN_UNINITIALIZED_AUTOS = YES_AGGRESSIVE;
				GCC_WARN_UNUSED_FUNCTION = YES;
				GCC_WARN_UNUSED_VARIABLE = YES;
				IPHONEOS_DEPLOYMENT_TARGET = 16.4;
				MTL_ENABLE_DEBUG_INFO = INCLUDE_SOURCE;
				MTL_FAST_MATH = YES;
				ONLY_ACTIVE_ARCH = YES;
				SDKROOT = iphoneos;
				SWIFT_ACTIVE_COMPILATION_CONDITIONS = DEBUG;
				SWIFT_OPTIMIZATION_LEVEL = "-Onone";
			};
			name = Debug;
		};
		1D2F15AA2A4CC4D100C0FA2D /* Release */ = {
			isa = XCBuildConfiguration;
			buildSettings = {
				ALWAYS_SEARCH_USER_PATHS = NO;
				CLANG_ANALYZER_NONNULL = YES;
				CLANG_ANALYZER_NUMBER_OBJECT_CONVERSION = YES_AGGRESSIVE;
				CLANG_CXX_LANGUAGE_STANDARD = "gnu++20";
				CLANG_ENABLE_MODULES = YES;
				CLANG_ENABLE_OBJC_ARC = YES;
				CLANG_ENABLE_OBJC_WEAK = YES;
				CLANG_WARN_BLOCK_CAPTURE_AUTORELEASING = YES;
				CLANG_WARN_BOOL_CONVERSION = YES;
				CLANG_WARN_COMMA = YES;
				CLANG_WARN_CONSTANT_CONVERSION = YES;
				CLANG_WARN_DEPRECATED_OBJC_IMPLEMENTATIONS = YES;
				CLANG_WARN_DIRECT_OBJC_ISA_USAGE = YES_ERROR;
				CLANG_WARN_DOCUMENTATION_COMMENTS = YES;
				CLANG_WARN_EMPTY_BODY = YES;
				CLANG_WARN_ENUM_CONVERSION = YES;
				CLANG_WARN_INFINITE_RECURSION = YES;
				CLANG_WARN_INT_CONVERSION = YES;
				CLANG_WARN_NON_LITERAL_NULL_CONVERSION = YES;
				CLANG_WARN_OBJC_IMPLICIT_RETAIN_SELF = YES;
				CLANG_WARN_OBJC_LITERAL_CONVERSION = YES;
				CLANG_WARN_OBJC_ROOT_CLASS = YES_ERROR;
				CLANG_WARN_QUOTED_INCLUDE_IN_FRAMEWORK_HEADER = YES;
				CLANG_WARN_RANGE_LOOP_ANALYSIS = YES;
				CLANG_WARN_STRICT_PROTOTYPES = YES;
				CLANG_WARN_SUSPICIOUS_MOVE = YES;
				CLANG_WARN_UNGUARDED_AVAILABILITY = YES_AGGRESSIVE;
				CLANG_WARN_UNREACHABLE_CODE = YES;
				CLANG_WARN__DUPLICATE_METHOD_MATCH = YES;
				COPY_PHASE_STRIP = NO;
				DEBUG_INFORMATION_FORMAT = "dwarf-with-dsym";
				ENABLE_NS_ASSERTIONS = NO;
				ENABLE_STRICT_OBJC_MSGSEND = YES;
				GCC_C_LANGUAGE_STANDARD = gnu11;
				GCC_NO_COMMON_BLOCKS = YES;
				GCC_WARN_64_TO_32_BIT_CONVERSION = YES;
				GCC_WARN_ABOUT_RETURN_TYPE = YES_ERROR;
				GCC_WARN_UNDECLARED_SELECTOR = YES;
				GCC_WARN_UNINITIALIZED_AUTOS = YES_AGGRESSIVE;
				GCC_WARN_UNUSED_FUNCTION = YES;
				GCC_WARN_UNUSED_VARIABLE = YES;
				IPHONEOS_DEPLOYMENT_TARGET = 16.4;
				MTL_ENABLE_DEBUG_INFO = NO;
				MTL_FAST_MATH = YES;
				SDKROOT = iphoneos;
				SWIFT_COMPILATION_MODE = wholemodule;
				SWIFT_OPTIMIZATION_LEVEL = "-O";
				VALIDATE_PRODUCT = YES;
			};
			name = Release;
		};
		1D2F15AC2A4CC4D100C0FA2D /* Debug */ = {
			isa = XCBuildConfiguration;
			buildSettings = {
				ASSETCATALOG_COMPILER_APPICON_NAME = AppIcon;
				ASSETCATALOG_COMPILER_GLOBAL_ACCENT_COLOR_NAME = AccentColor;
				CODE_SIGN_STYLE = Automatic;
				CURRENT_PROJECT_VERSION = 1;
				DEVELOPMENT_TEAM = 67DFAM4Q32;
				GCC_TREAT_WARNINGS_AS_ERRORS = YES;
				GENERATE_INFOPLIST_FILE = YES;
				INFOPLIST_FILE = "FetchRewards-Interview/Info.plist";
				INFOPLIST_KEY_CFBundleDisplayName = Meals;
				INFOPLIST_KEY_LSApplicationCategoryType = "public.app-category.food-and-drink";
				INFOPLIST_KEY_UIApplicationSupportsIndirectInputEvents = YES;
				INFOPLIST_KEY_UILaunchStoryboardName = LaunchScreen.storyboard;
				INFOPLIST_KEY_UISupportedInterfaceOrientations = "UIInterfaceOrientationLandscapeLeft UIInterfaceOrientationLandscapeRight UIInterfaceOrientationPortrait";
				INFOPLIST_KEY_UISupportedInterfaceOrientations_iPad = "UIInterfaceOrientationLandscapeLeft UIInterfaceOrientationLandscapeRight UIInterfaceOrientationPortrait UIInterfaceOrientationPortraitUpsideDown";
				IPHONEOS_DEPLOYMENT_TARGET = 15.0;
				LD_RUNPATH_SEARCH_PATHS = (
					"$(inherited)",
					"@executable_path/Frameworks",
				);
				MARKETING_VERSION = 1.0;
				PRODUCT_BUNDLE_IDENTIFIER = "com.vikas.FetchRewards-Interview";
				PRODUCT_NAME = "$(TARGET_NAME)";
				SWIFT_EMIT_LOC_STRINGS = YES;
				SWIFT_TREAT_WARNINGS_AS_ERRORS = YES;
				SWIFT_VERSION = 5.0;
				TARGETED_DEVICE_FAMILY = "1,2";
			};
			name = Debug;
		};
		1D2F15AD2A4CC4D100C0FA2D /* Release */ = {
			isa = XCBuildConfiguration;
			buildSettings = {
				ASSETCATALOG_COMPILER_APPICON_NAME = AppIcon;
				ASSETCATALOG_COMPILER_GLOBAL_ACCENT_COLOR_NAME = AccentColor;
				CODE_SIGN_STYLE = Automatic;
				CURRENT_PROJECT_VERSION = 1;
				DEVELOPMENT_TEAM = 67DFAM4Q32;
				GCC_TREAT_WARNINGS_AS_ERRORS = YES;
				GENERATE_INFOPLIST_FILE = YES;
				INFOPLIST_FILE = "FetchRewards-Interview/Info.plist";
				INFOPLIST_KEY_CFBundleDisplayName = Meals;
				INFOPLIST_KEY_LSApplicationCategoryType = "public.app-category.food-and-drink";
				INFOPLIST_KEY_UIApplicationSupportsIndirectInputEvents = YES;
				INFOPLIST_KEY_UILaunchStoryboardName = LaunchScreen.storyboard;
				INFOPLIST_KEY_UISupportedInterfaceOrientations = "UIInterfaceOrientationLandscapeLeft UIInterfaceOrientationLandscapeRight UIInterfaceOrientationPortrait";
				INFOPLIST_KEY_UISupportedInterfaceOrientations_iPad = "UIInterfaceOrientationLandscapeLeft UIInterfaceOrientationLandscapeRight UIInterfaceOrientationPortrait UIInterfaceOrientationPortraitUpsideDown";
				IPHONEOS_DEPLOYMENT_TARGET = 15.0;
				LD_RUNPATH_SEARCH_PATHS = (
					"$(inherited)",
					"@executable_path/Frameworks",
				);
				MARKETING_VERSION = 1.0;
				PRODUCT_BUNDLE_IDENTIFIER = "com.vikas.FetchRewards-Interview";
				PRODUCT_NAME = "$(TARGET_NAME)";
				SWIFT_EMIT_LOC_STRINGS = YES;
				SWIFT_TREAT_WARNINGS_AS_ERRORS = YES;
				SWIFT_VERSION = 5.0;
				TARGETED_DEVICE_FAMILY = "1,2";
			};
			name = Release;
		};
		1D2F15AF2A4CC4D100C0FA2D /* Debug */ = {
			isa = XCBuildConfiguration;
			buildSettings = {
				ALWAYS_EMBED_SWIFT_STANDARD_LIBRARIES = YES;
				BUNDLE_LOADER = "$(TEST_HOST)";
				CODE_SIGN_STYLE = Automatic;
				CURRENT_PROJECT_VERSION = 1;
				DEVELOPMENT_TEAM = 67DFAM4Q32;
				GENERATE_INFOPLIST_FILE = YES;
				IPHONEOS_DEPLOYMENT_TARGET = 16.4;
				MARKETING_VERSION = 1.0;
				PRODUCT_BUNDLE_IDENTIFIER = "com.vikas.FetchRewards-InterviewTests";
				PRODUCT_NAME = "$(TARGET_NAME)";
				SWIFT_EMIT_LOC_STRINGS = NO;
				SWIFT_VERSION = 5.0;
				TARGETED_DEVICE_FAMILY = "1,2";
				TEST_HOST = "$(BUILT_PRODUCTS_DIR)/FetchRewards-Interview.app/$(BUNDLE_EXECUTABLE_FOLDER_PATH)/FetchRewards-Interview";
			};
			name = Debug;
		};
		1D2F15B02A4CC4D100C0FA2D /* Release */ = {
			isa = XCBuildConfiguration;
			buildSettings = {
				ALWAYS_EMBED_SWIFT_STANDARD_LIBRARIES = YES;
				BUNDLE_LOADER = "$(TEST_HOST)";
				CODE_SIGN_STYLE = Automatic;
				CURRENT_PROJECT_VERSION = 1;
				DEVELOPMENT_TEAM = 67DFAM4Q32;
				GENERATE_INFOPLIST_FILE = YES;
				IPHONEOS_DEPLOYMENT_TARGET = 16.4;
				MARKETING_VERSION = 1.0;
				PRODUCT_BUNDLE_IDENTIFIER = "com.vikas.FetchRewards-InterviewTests";
				PRODUCT_NAME = "$(TARGET_NAME)";
				SWIFT_EMIT_LOC_STRINGS = NO;
				SWIFT_VERSION = 5.0;
				TARGETED_DEVICE_FAMILY = "1,2";
				TEST_HOST = "$(BUILT_PRODUCTS_DIR)/FetchRewards-Interview.app/$(BUNDLE_EXECUTABLE_FOLDER_PATH)/FetchRewards-Interview";
			};
			name = Release;
		};
		1D2F15B22A4CC4D100C0FA2D /* Debug */ = {
			isa = XCBuildConfiguration;
			buildSettings = {
				ALWAYS_EMBED_SWIFT_STANDARD_LIBRARIES = YES;
				CODE_SIGN_STYLE = Automatic;
				CURRENT_PROJECT_VERSION = 1;
				DEVELOPMENT_TEAM = 67DFAM4Q32;
				GENERATE_INFOPLIST_FILE = YES;
				MARKETING_VERSION = 1.0;
				PRODUCT_BUNDLE_IDENTIFIER = "com.vikas.FetchRewards-InterviewUITests";
				PRODUCT_NAME = "$(TARGET_NAME)";
				SWIFT_EMIT_LOC_STRINGS = NO;
				SWIFT_VERSION = 5.0;
				TARGETED_DEVICE_FAMILY = "1,2";
				TEST_TARGET_NAME = "FetchRewards-Interview";
			};
			name = Debug;
		};
		1D2F15B32A4CC4D100C0FA2D /* Release */ = {
			isa = XCBuildConfiguration;
			buildSettings = {
				ALWAYS_EMBED_SWIFT_STANDARD_LIBRARIES = YES;
				CODE_SIGN_STYLE = Automatic;
				CURRENT_PROJECT_VERSION = 1;
				DEVELOPMENT_TEAM = 67DFAM4Q32;
				GENERATE_INFOPLIST_FILE = YES;
				MARKETING_VERSION = 1.0;
				PRODUCT_BUNDLE_IDENTIFIER = "com.vikas.FetchRewards-InterviewUITests";
				PRODUCT_NAME = "$(TARGET_NAME)";
				SWIFT_EMIT_LOC_STRINGS = NO;
				SWIFT_VERSION = 5.0;
				TARGETED_DEVICE_FAMILY = "1,2";
				TEST_TARGET_NAME = "FetchRewards-Interview";
			};
			name = Release;
		};
/* End XCBuildConfiguration section */

/* Begin XCConfigurationList section */
		1D2F157C2A4CC4D000C0FA2D /* Build configuration list for PBXProject "FetchRewards-Interview" */ = {
			isa = XCConfigurationList;
			buildConfigurations = (
				1D2F15A92A4CC4D100C0FA2D /* Debug */,
				1D2F15AA2A4CC4D100C0FA2D /* Release */,
			);
			defaultConfigurationIsVisible = 0;
			defaultConfigurationName = Release;
		};
		1D2F15AB2A4CC4D100C0FA2D /* Build configuration list for PBXNativeTarget "FetchRewards-Interview" */ = {
			isa = XCConfigurationList;
			buildConfigurations = (
				1D2F15AC2A4CC4D100C0FA2D /* Debug */,
				1D2F15AD2A4CC4D100C0FA2D /* Release */,
			);
			defaultConfigurationIsVisible = 0;
			defaultConfigurationName = Release;
		};
		1D2F15AE2A4CC4D100C0FA2D /* Build configuration list for PBXNativeTarget "FetchRewards-InterviewTests" */ = {
			isa = XCConfigurationList;
			buildConfigurations = (
				1D2F15AF2A4CC4D100C0FA2D /* Debug */,
				1D2F15B02A4CC4D100C0FA2D /* Release */,
			);
			defaultConfigurationIsVisible = 0;
			defaultConfigurationName = Release;
		};
		1D2F15B12A4CC4D100C0FA2D /* Build configuration list for PBXNativeTarget "FetchRewards-InterviewUITests" */ = {
			isa = XCConfigurationList;
			buildConfigurations = (
				1D2F15B22A4CC4D100C0FA2D /* Debug */,
				1D2F15B32A4CC4D100C0FA2D /* Release */,
			);
			defaultConfigurationIsVisible = 0;
			defaultConfigurationName = Release;
		};
/* End XCConfigurationList section */
	};
	rootObject = 1D2F15792A4CC4D000C0FA2D /* Project object */;
}
